PODS:
  - aes_encrypt_file (0.0.1):
    - Flutter
  - Flutter (1.0.0)

DEPENDENCIES:
  - aes_encrypt_file (from `.symlinks/plugins/aes_encrypt_file/ios`)
  - Flutter (from `Flutter`)

EXTERNAL SOURCES:
  aes_encrypt_file:
    :path: ".symlinks/plugins/aes_encrypt_file/ios"
  Flutter:
    :path: Flutter

SPEC CHECKSUMS:
  aes_encrypt_file: dfed9d74e8609a958ea76d29647c270414444760
  Flutter: cabc95a1d2626b1b06e7179b784ebcf0c0cde467

PODFILE CHECKSUM: 3c63482e143d1b91d2d2560aee9fb04ecc74ac7e

COCOAPODS: 1.16.2
